// !$*UTF8*$!
{
	archiveVersion = 1;
	classes = {
	};
	objectVersion = 46;
	objects = {

/* Begin PBXAggregateTarget section */
		0F10159D15F4742D00ABD189 /* ImageTools-iOS */ = {
			isa = PBXAggregateTarget;
			buildConfigurationList = 0F10159E15F4742D00ABD189 /* Build configuration list for PBXAggregateTarget "ImageTools-iOS" */;
			buildPhases = (
				0F1015A115F4744D00ABD189 /* Build Static Libs */,
				0F1015A215F475AA00ABD189 /* Build Universal Framework */,
				0F1015A315F4763400ABD189 /* CopyFiles */,
			);
			dependencies = (
			);
			name = "ImageTools-iOS";
			productName = "ImageTools-iOS";
		};
		0FB4976415F89C75009FBB28 /* ImageTools-Framework */ = {
			isa = PBXAggregateTarget;
			buildConfigurationList = 0FB4976515F89C75009FBB28 /* Build configuration list for PBXAggregateTarget "ImageTools-Framework" */;
			buildPhases = (
				0FB4976815F89C94009FBB28 /* ShellScript */,
			);
			dependencies = (
			);
			name = "ImageTools-Framework";
			productName = "ImageTools-Framework";
		};
/* End PBXAggregateTarget section */

/* Begin PBXBuildFile section */
		0F10158C15F4721C00ABD189 /* Foundation.framework in Frameworks */ = {isa = PBXBuildFile; fileRef = 0F10158B15F4721C00ABD189 /* Foundation.framework */; };
		0F1015B015F47E1200ABD189 /* ITFilter.m in Sources */ = {isa = PBXBuildFile; fileRef = 0F1015A715F47E1200ABD189 /* ITFilter.m */; };
		0F1015B115F47E1200ABD189 /* ITFilterEditorController.m in Sources */ = {isa = PBXBuildFile; fileRef = 0F1015A915F47E1200ABD189 /* ITFilterEditorController.m */; };
		0F1015B215F47E1200ABD189 /* ITFilterInputAttribute.m in Sources */ = {isa = PBXBuildFile; fileRef = 0F1015AB15F47E1200ABD189 /* ITFilterInputAttribute.m */; };
		0F1015B315F47E1200ABD189 /* ITFilterListController.m in Sources */ = {isa = PBXBuildFile; fileRef = 0F1015AD15F47E1200ABD189 /* ITFilterListController.m */; };
		0F1015BA15F480B000ABD189 /* CoreImage.framework in Frameworks */ = {isa = PBXBuildFile; fileRef = 0F1015B915F480B000ABD189 /* CoreImage.framework */; };
		0F1015BC15F480B700ABD189 /* QuartzCore.framework in Frameworks */ = {isa = PBXBuildFile; fileRef = 0F1015BB15F480B700ABD189 /* QuartzCore.framework */; };
		0F1015BE15F480EC00ABD189 /* CoreGraphics.framework in Frameworks */ = {isa = PBXBuildFile; fileRef = 0F1015BD15F480EC00ABD189 /* CoreGraphics.framework */; };
		0F1015DF15F4847800ABD189 /* UIKit.framework in Frameworks */ = {isa = PBXBuildFile; fileRef = 0F1015DE15F4847800ABD189 /* UIKit.framework */; };
		0F1015E015F484AB00ABD189 /* ITFilter.h in CopyFiles */ = {isa = PBXBuildFile; fileRef = 0F1015A615F47E1200ABD189 /* ITFilter.h */; };
		0F1015E115F484AB00ABD189 /* ITFilterEditorController.h in CopyFiles */ = {isa = PBXBuildFile; fileRef = 0F1015A815F47E1200ABD189 /* ITFilterEditorController.h */; };
		0F1015E215F484AB00ABD189 /* ITFilterInputAttribute.h in CopyFiles */ = {isa = PBXBuildFile; fileRef = 0F1015AA15F47E1200ABD189 /* ITFilterInputAttribute.h */; };
		0F1015E315F484AB00ABD189 /* ITFilterListController.h in CopyFiles */ = {isa = PBXBuildFile; fileRef = 0F1015AC15F47E1200ABD189 /* ITFilterListController.h */; };
		0F1015FC15F488B000ABD189 /* InfColorBarPicker.m in Sources */ = {isa = PBXBuildFile; fileRef = 0F1015EF15F488B000ABD189 /* InfColorBarPicker.m */; };
		0F1015FD15F488B000ABD189 /* InfColorIndicatorView.m in Sources */ = {isa = PBXBuildFile; fileRef = 0F1015F115F488B000ABD189 /* InfColorIndicatorView.m */; };
		0F1015FE15F488B000ABD189 /* InfColorPickerController.m in Sources */ = {isa = PBXBuildFile; fileRef = 0F1015F415F488B000ABD189 /* InfColorPickerController.m */; };
		0F1015FF15F488B000ABD189 /* InfColorSquarePicker.m in Sources */ = {isa = PBXBuildFile; fileRef = 0F1015F715F488B000ABD189 /* InfColorSquarePicker.m */; };
		0F10160015F488B000ABD189 /* InfHSBSupport.m in Sources */ = {isa = PBXBuildFile; fileRef = 0F1015F915F488B000ABD189 /* InfHSBSupport.m */; };
		0F10160115F488B000ABD189 /* InfSourceColorView.m in Sources */ = {isa = PBXBuildFile; fileRef = 0F1015FB15F488B000ABD189 /* InfSourceColorView.m */; };
		0F10160615F4891600ABD189 /* ITFilterSlider.h in CopyFiles */ = {isa = PBXBuildFile; fileRef = 0F10160215F4891600ABD189 /* ITFilterSlider.h */; };
		0F10160715F4891600ABD189 /* ITFilterSlider.m in Sources */ = {isa = PBXBuildFile; fileRef = 0F10160315F4891600ABD189 /* ITFilterSlider.m */; };
		0F10160915F4891600ABD189 /* ITImageFilterUtils.h in CopyFiles */ = {isa = PBXBuildFile; fileRef = 0F10160415F4891600ABD189 /* ITImageFilterUtils.h */; };
		0F10160A15F4891600ABD189 /* ITImageFilterUtils.m in Sources */ = {isa = PBXBuildFile; fileRef = 0F10160515F4891600ABD189 /* ITImageFilterUtils.m */; };
		0F10160C15F48A6F00ABD189 /* ITFilter.h in CopyFiles */ = {isa = PBXBuildFile; fileRef = 0F1015A615F47E1200ABD189 /* ITFilter.h */; };
		0F10160D15F48A6F00ABD189 /* ITFilterEditorController.h in CopyFiles */ = {isa = PBXBuildFile; fileRef = 0F1015A815F47E1200ABD189 /* ITFilterEditorController.h */; };
		0F10160E15F48A6F00ABD189 /* ITFilterInputAttribute.h in CopyFiles */ = {isa = PBXBuildFile; fileRef = 0F1015AA15F47E1200ABD189 /* ITFilterInputAttribute.h */; };
		0F10160F15F48A6F00ABD189 /* ITFilterListController.h in CopyFiles */ = {isa = PBXBuildFile; fileRef = 0F1015AC15F47E1200ABD189 /* ITFilterListController.h */; };
		0F10165415F4ACC600ABD189 /* InfColorPickerController.h in CopyFiles */ = {isa = PBXBuildFile; fileRef = 0F1015F315F488B000ABD189 /* InfColorPickerController.h */; };
		0F1016D215F6010B00ABD189 /* AssetsLibrary.framework in Frameworks */ = {isa = PBXBuildFile; fileRef = 0F1016D115F6010B00ABD189 /* AssetsLibrary.framework */; };
		0F1016D915F6064C00ABD189 /* ITAlbumPickerController.m in Sources */ = {isa = PBXBuildFile; fileRef = 0F1016D815F6064C00ABD189 /* ITAlbumPickerController.m */; };
		0F1016DC15F607D400ABD189 /* ITImagePickerController.m in Sources */ = {isa = PBXBuildFile; fileRef = 0F1016DB15F607D400ABD189 /* ITImagePickerController.m */; };
		0F10173B15F6187000ABD189 /* ITAssetView.m in Sources */ = {isa = PBXBuildFile; fileRef = 0F10173815F6186F00ABD189 /* ITAssetView.m */; };
		0F10173C15F6187000ABD189 /* ITAssetCell.m in Sources */ = {isa = PBXBuildFile; fileRef = 0F10173A15F6187000ABD189 /* ITAssetCell.m */; };
		0F10176315F75A9100ABD189 /* ITAlbumPickerController.h in CopyFiles */ = {isa = PBXBuildFile; fileRef = 0F1016D715F6064C00ABD189 /* ITAlbumPickerController.h */; };
		0F10176415F75A9100ABD189 /* ITImagePickerController.h in CopyFiles */ = {isa = PBXBuildFile; fileRef = 0F1016DA15F607D400ABD189 /* ITImagePickerController.h */; };
		0F10176515F75A9100ABD189 /* ImageTools.h in CopyFiles */ = {isa = PBXBuildFile; fileRef = 0F10174415F756E500ABD189 /* ImageTools.h */; };
		0F10178D15F7610C00ABD189 /* ITImageFilterUtils.h in CopyFiles */ = {isa = PBXBuildFile; fileRef = 0F10160415F4891600ABD189 /* ITImageFilterUtils.h */; };
		0F10178E15F7610C00ABD189 /* ITAlbumPickerController.h in CopyFiles */ = {isa = PBXBuildFile; fileRef = 0F1016D715F6064C00ABD189 /* ITAlbumPickerController.h */; };
		0F10178F15F7610C00ABD189 /* ITImagePickerController.h in CopyFiles */ = {isa = PBXBuildFile; fileRef = 0F1016DA15F607D400ABD189 /* ITImagePickerController.h */; };
		0F10179015F7610C00ABD189 /* ImageTools.h in CopyFiles */ = {isa = PBXBuildFile; fileRef = 0F10174415F756E500ABD189 /* ImageTools.h */; };
		0FB4972815F88645009FBB28 /* CoreFoundation.framework in Frameworks */ = {isa = PBXBuildFile; fileRef = 0FB4972715F88645009FBB28 /* CoreFoundation.framework */; };
		0FB4972E15F88645009FBB28 /* InfoPlist.strings in Resources */ = {isa = PBXBuildFile; fileRef = 0FB4972C15F88645009FBB28 /* InfoPlist.strings */; };
		0FB4974915F89B85009FBB28 /* InfColorPickerController.h in Headers */ = {isa = PBXBuildFile; fileRef = 0F1015F315F488B000ABD189 /* InfColorPickerController.h */; settings = {ATTRIBUTES = (Public, ); }; };
		0FB4974A15F89BAB009FBB28 /* ITImageFilterUtils.h in Headers */ = {isa = PBXBuildFile; fileRef = 0F10160415F4891600ABD189 /* ITImageFilterUtils.h */; settings = {ATTRIBUTES = (Public, ); }; };
		0FB4974B15F89BAB009FBB28 /* ITFilter.h in Headers */ = {isa = PBXBuildFile; fileRef = 0F1015A615F47E1200ABD189 /* ITFilter.h */; settings = {ATTRIBUTES = (Public, ); }; };
		0FB4974C15F89BAB009FBB28 /* ITFilterEditorController.h in Headers */ = {isa = PBXBuildFile; fileRef = 0F1015A815F47E1200ABD189 /* ITFilterEditorController.h */; settings = {ATTRIBUTES = (Public, ); }; };
		0FB4974D15F89BAB009FBB28 /* ITFilterInputAttribute.h in Headers */ = {isa = PBXBuildFile; fileRef = 0F1015AA15F47E1200ABD189 /* ITFilterInputAttribute.h */; settings = {ATTRIBUTES = (Public, ); }; };
		0FB4974E15F89BAB009FBB28 /* ITFilterListController.h in Headers */ = {isa = PBXBuildFile; fileRef = 0F1015AC15F47E1200ABD189 /* ITFilterListController.h */; settings = {ATTRIBUTES = (Public, ); }; };
		0FB4974F15F89BAB009FBB28 /* ITAssetView.h in Headers */ = {isa = PBXBuildFile; fileRef = 0F10173715F6186F00ABD189 /* ITAssetView.h */; settings = {ATTRIBUTES = (Public, ); }; };
		0FB4975015F89BAB009FBB28 /* ITAssetCell.h in Headers */ = {isa = PBXBuildFile; fileRef = 0F10173915F6186F00ABD189 /* ITAssetCell.h */; settings = {ATTRIBUTES = (Public, ); }; };
		0FB4975115F89BAB009FBB28 /* ITAlbumPickerController.h in Headers */ = {isa = PBXBuildFile; fileRef = 0F1016D715F6064C00ABD189 /* ITAlbumPickerController.h */; settings = {ATTRIBUTES = (Public, ); }; };
		0FB4975215F89BAB009FBB28 /* ITImagePickerController.h in Headers */ = {isa = PBXBuildFile; fileRef = 0F1016DA15F607D400ABD189 /* ITImagePickerController.h */; settings = {ATTRIBUTES = (Public, ); }; };
		0FB4975315F89BAB009FBB28 /* ImageTools.h in Headers */ = {isa = PBXBuildFile; fileRef = 0F10174415F756E500ABD189 /* ImageTools.h */; settings = {ATTRIBUTES = (Public, ); }; };
		0FB4975415F89BFB009FBB28 /* InfColorBarPicker.m in Sources */ = {isa = PBXBuildFile; fileRef = 0F1015EF15F488B000ABD189 /* InfColorBarPicker.m */; };
		0FB4975515F89BFB009FBB28 /* InfColorIndicatorView.m in Sources */ = {isa = PBXBuildFile; fileRef = 0F1015F115F488B000ABD189 /* InfColorIndicatorView.m */; };
		0FB4975615F89BFB009FBB28 /* InfColorPickerController.m in Sources */ = {isa = PBXBuildFile; fileRef = 0F1015F415F488B000ABD189 /* InfColorPickerController.m */; };
		0FB4975715F89BFB009FBB28 /* InfColorSquarePicker.m in Sources */ = {isa = PBXBuildFile; fileRef = 0F1015F715F488B000ABD189 /* InfColorSquarePicker.m */; };
		0FB4975815F89BFB009FBB28 /* InfHSBSupport.m in Sources */ = {isa = PBXBuildFile; fileRef = 0F1015F915F488B000ABD189 /* InfHSBSupport.m */; };
		0FB4975915F89BFB009FBB28 /* InfSourceColorView.m in Sources */ = {isa = PBXBuildFile; fileRef = 0F1015FB15F488B000ABD189 /* InfSourceColorView.m */; };
		0FB4975A15F89BFB009FBB28 /* ITFilterSlider.m in Sources */ = {isa = PBXBuildFile; fileRef = 0F10160315F4891600ABD189 /* ITFilterSlider.m */; };
		0FB4975B15F89BFB009FBB28 /* ITImageFilterUtils.m in Sources */ = {isa = PBXBuildFile; fileRef = 0F10160515F4891600ABD189 /* ITImageFilterUtils.m */; };
		0FB4975C15F89BFB009FBB28 /* ITFilter.m in Sources */ = {isa = PBXBuildFile; fileRef = 0F1015A715F47E1200ABD189 /* ITFilter.m */; };
		0FB4975D15F89BFB009FBB28 /* ITFilterEditorController.m in Sources */ = {isa = PBXBuildFile; fileRef = 0F1015A915F47E1200ABD189 /* ITFilterEditorController.m */; };
		0FB4975E15F89BFB009FBB28 /* ITFilterInputAttribute.m in Sources */ = {isa = PBXBuildFile; fileRef = 0F1015AB15F47E1200ABD189 /* ITFilterInputAttribute.m */; };
		0FB4975F15F89BFB009FBB28 /* ITFilterListController.m in Sources */ = {isa = PBXBuildFile; fileRef = 0F1015AD15F47E1200ABD189 /* ITFilterListController.m */; };
		0FB4976015F89BFB009FBB28 /* ITAssetView.m in Sources */ = {isa = PBXBuildFile; fileRef = 0F10173815F6186F00ABD189 /* ITAssetView.m */; };
		0FB4976115F89BFB009FBB28 /* ITAssetCell.m in Sources */ = {isa = PBXBuildFile; fileRef = 0F10173A15F6187000ABD189 /* ITAssetCell.m */; };
		0FB4976215F89BFB009FBB28 /* ITAlbumPickerController.m in Sources */ = {isa = PBXBuildFile; fileRef = 0F1016D815F6064C00ABD189 /* ITAlbumPickerController.m */; };
		0FB4976315F89BFB009FBB28 /* ITImagePickerController.m in Sources */ = {isa = PBXBuildFile; fileRef = 0F1016DB15F607D400ABD189 /* ITImagePickerController.m */; };
/* End PBXBuildFile section */

/* Begin PBXCopyFilesBuildPhase section */
		0F10158615F4721C00ABD189 /* CopyFiles */ = {
			isa = PBXCopyFilesBuildPhase;
			buildActionMask = 2147483647;
			dstPath = "include/${PRODUCT_NAME}";
			dstSubfolderSpec = 16;
			files = (
				0F10178D15F7610C00ABD189 /* ITImageFilterUtils.h in CopyFiles */,
				0F10178E15F7610C00ABD189 /* ITAlbumPickerController.h in CopyFiles */,
				0F10178F15F7610C00ABD189 /* ITImagePickerController.h in CopyFiles */,
				0F10179015F7610C00ABD189 /* ImageTools.h in CopyFiles */,
				0F1015E015F484AB00ABD189 /* ITFilter.h in CopyFiles */,
				0F1015E115F484AB00ABD189 /* ITFilterEditorController.h in CopyFiles */,
				0F1015E215F484AB00ABD189 /* ITFilterInputAttribute.h in CopyFiles */,
				0F1015E315F484AB00ABD189 /* ITFilterListController.h in CopyFiles */,
			);
			runOnlyForDeploymentPostprocessing = 0;
		};
		0F1015A315F4763400ABD189 /* CopyFiles */ = {
			isa = PBXCopyFilesBuildPhase;
			buildActionMask = 2147483647;
			dstPath = "${BUILD_DIR}/${CONFIGURATION}-iphoneuniversal/${PRODUCT_NAME}.framework/Versions/A/Headers/";
			dstSubfolderSpec = 0;
			files = (
				0F10176315F75A9100ABD189 /* ITAlbumPickerController.h in CopyFiles */,
				0F10176415F75A9100ABD189 /* ITImagePickerController.h in CopyFiles */,
				0F10176515F75A9100ABD189 /* ImageTools.h in CopyFiles */,
				0F10165415F4ACC600ABD189 /* InfColorPickerController.h in CopyFiles */,
				0F10160C15F48A6F00ABD189 /* ITFilter.h in CopyFiles */,
				0F10160D15F48A6F00ABD189 /* ITFilterEditorController.h in CopyFiles */,
				0F10160E15F48A6F00ABD189 /* ITFilterInputAttribute.h in CopyFiles */,
				0F10160F15F48A6F00ABD189 /* ITFilterListController.h in CopyFiles */,
				0F10160615F4891600ABD189 /* ITFilterSlider.h in CopyFiles */,
				0F10160915F4891600ABD189 /* ITImageFilterUtils.h in CopyFiles */,
			);
			runOnlyForDeploymentPostprocessing = 0;
		};
/* End PBXCopyFilesBuildPhase section */

/* Begin PBXFileReference section */
		0F10158815F4721C00ABD189 /* libImageTools.a */ = {isa = PBXFileReference; explicitFileType = archive.ar; includeInIndex = 0; path = libImageTools.a; sourceTree = BUILT_PRODUCTS_DIR; };
		0F10158B15F4721C00ABD189 /* Foundation.framework */ = {isa = PBXFileReference; lastKnownFileType = wrapper.framework; name = Foundation.framework; path = System/Library/Frameworks/Foundation.framework; sourceTree = SDKROOT; };
		0F10158F15F4721C00ABD189 /* ImageTools-Prefix.pch */ = {isa = PBXFileReference; lastKnownFileType = sourcecode.c.h; path = "ImageTools-Prefix.pch"; sourceTree = "<group>"; };
		0F1015A615F47E1200ABD189 /* ITFilter.h */ = {isa = PBXFileReference; fileEncoding = 4; lastKnownFileType = sourcecode.c.h; path = ITFilter.h; sourceTree = "<group>"; };
		0F1015A715F47E1200ABD189 /* ITFilter.m */ = {isa = PBXFileReference; fileEncoding = 4; lastKnownFileType = sourcecode.c.objc; path = ITFilter.m; sourceTree = "<group>"; };
		0F1015A815F47E1200ABD189 /* ITFilterEditorController.h */ = {isa = PBXFileReference; fileEncoding = 4; lastKnownFileType = sourcecode.c.h; path = ITFilterEditorController.h; sourceTree = "<group>"; };
		0F1015A915F47E1200ABD189 /* ITFilterEditorController.m */ = {isa = PBXFileReference; fileEncoding = 4; lastKnownFileType = sourcecode.c.objc; path = ITFilterEditorController.m; sourceTree = "<group>"; };
		0F1015AA15F47E1200ABD189 /* ITFilterInputAttribute.h */ = {isa = PBXFileReference; fileEncoding = 4; lastKnownFileType = sourcecode.c.h; path = ITFilterInputAttribute.h; sourceTree = "<group>"; };
		0F1015AB15F47E1200ABD189 /* ITFilterInputAttribute.m */ = {isa = PBXFileReference; fileEncoding = 4; lastKnownFileType = sourcecode.c.objc; path = ITFilterInputAttribute.m; sourceTree = "<group>"; };
		0F1015AC15F47E1200ABD189 /* ITFilterListController.h */ = {isa = PBXFileReference; fileEncoding = 4; lastKnownFileType = sourcecode.c.h; path = ITFilterListController.h; sourceTree = "<group>"; };
		0F1015AD15F47E1200ABD189 /* ITFilterListController.m */ = {isa = PBXFileReference; fileEncoding = 4; lastKnownFileType = sourcecode.c.objc; path = ITFilterListController.m; sourceTree = "<group>"; };
		0F1015B915F480B000ABD189 /* CoreImage.framework */ = {isa = PBXFileReference; lastKnownFileType = wrapper.framework; name = CoreImage.framework; path = System/Library/Frameworks/CoreImage.framework; sourceTree = SDKROOT; };
		0F1015BB15F480B700ABD189 /* QuartzCore.framework */ = {isa = PBXFileReference; lastKnownFileType = wrapper.framework; name = QuartzCore.framework; path = System/Library/Frameworks/QuartzCore.framework; sourceTree = SDKROOT; };
		0F1015BD15F480EC00ABD189 /* CoreGraphics.framework */ = {isa = PBXFileReference; lastKnownFileType = wrapper.framework; name = CoreGraphics.framework; path = System/Library/Frameworks/CoreGraphics.framework; sourceTree = SDKROOT; };
		0F1015DE15F4847800ABD189 /* UIKit.framework */ = {isa = PBXFileReference; lastKnownFileType = wrapper.framework; name = UIKit.framework; path = System/Library/Frameworks/UIKit.framework; sourceTree = SDKROOT; };
		0F1015EE15F488B000ABD189 /* InfColorBarPicker.h */ = {isa = PBXFileReference; fileEncoding = 4; lastKnownFileType = sourcecode.c.h; path = InfColorBarPicker.h; sourceTree = "<group>"; };
		0F1015EF15F488B000ABD189 /* InfColorBarPicker.m */ = {isa = PBXFileReference; fileEncoding = 4; lastKnownFileType = sourcecode.c.objc; path = InfColorBarPicker.m; sourceTree = "<group>"; };
		0F1015F015F488B000ABD189 /* InfColorIndicatorView.h */ = {isa = PBXFileReference; fileEncoding = 4; lastKnownFileType = sourcecode.c.h; path = InfColorIndicatorView.h; sourceTree = "<group>"; };
		0F1015F115F488B000ABD189 /* InfColorIndicatorView.m */ = {isa = PBXFileReference; fileEncoding = 4; lastKnownFileType = sourcecode.c.objc; path = InfColorIndicatorView.m; sourceTree = "<group>"; };
		0F1015F215F488B000ABD189 /* InfColorPicker.h */ = {isa = PBXFileReference; fileEncoding = 4; lastKnownFileType = sourcecode.c.h; path = InfColorPicker.h; sourceTree = "<group>"; };
		0F1015F315F488B000ABD189 /* InfColorPickerController.h */ = {isa = PBXFileReference; fileEncoding = 4; lastKnownFileType = sourcecode.c.h; path = InfColorPickerController.h; sourceTree = "<group>"; };
		0F1015F415F488B000ABD189 /* InfColorPickerController.m */ = {isa = PBXFileReference; fileEncoding = 4; lastKnownFileType = sourcecode.c.objc; path = InfColorPickerController.m; sourceTree = "<group>"; };
		0F1015F515F488B000ABD189 /* InfColorPickerView.xib */ = {isa = PBXFileReference; fileEncoding = 4; lastKnownFileType = file.xib; path = InfColorPickerView.xib; sourceTree = "<group>"; };
		0F1015F615F488B000ABD189 /* InfColorSquarePicker.h */ = {isa = PBXFileReference; fileEncoding = 4; lastKnownFileType = sourcecode.c.h; path = InfColorSquarePicker.h; sourceTree = "<group>"; };
		0F1015F715F488B000ABD189 /* InfColorSquarePicker.m */ = {isa = PBXFileReference; fileEncoding = 4; lastKnownFileType = sourcecode.c.objc; path = InfColorSquarePicker.m; sourceTree = "<group>"; };
		0F1015F815F488B000ABD189 /* InfHSBSupport.h */ = {isa = PBXFileReference; fileEncoding = 4; lastKnownFileType = sourcecode.c.h; path = InfHSBSupport.h; sourceTree = "<group>"; };
		0F1015F915F488B000ABD189 /* InfHSBSupport.m */ = {isa = PBXFileReference; fileEncoding = 4; lastKnownFileType = sourcecode.c.objc; path = InfHSBSupport.m; sourceTree = "<group>"; };
		0F1015FA15F488B000ABD189 /* InfSourceColorView.h */ = {isa = PBXFileReference; fileEncoding = 4; lastKnownFileType = sourcecode.c.h; path = InfSourceColorView.h; sourceTree = "<group>"; };
		0F1015FB15F488B000ABD189 /* InfSourceColorView.m */ = {isa = PBXFileReference; fileEncoding = 4; lastKnownFileType = sourcecode.c.objc; path = InfSourceColorView.m; sourceTree = "<group>"; };
		0F10160215F4891600ABD189 /* ITFilterSlider.h */ = {isa = PBXFileReference; fileEncoding = 4; lastKnownFileType = sourcecode.c.h; path = ITFilterSlider.h; sourceTree = "<group>"; };
		0F10160315F4891600ABD189 /* ITFilterSlider.m */ = {isa = PBXFileReference; fileEncoding = 4; lastKnownFileType = sourcecode.c.objc; path = ITFilterSlider.m; sourceTree = "<group>"; };
		0F10160415F4891600ABD189 /* ITImageFilterUtils.h */ = {isa = PBXFileReference; fileEncoding = 4; lastKnownFileType = sourcecode.c.h; path = ITImageFilterUtils.h; sourceTree = "<group>"; };
		0F10160515F4891600ABD189 /* ITImageFilterUtils.m */ = {isa = PBXFileReference; fileEncoding = 4; lastKnownFileType = sourcecode.c.objc; path = ITImageFilterUtils.m; sourceTree = "<group>"; };
		0F1016D115F6010B00ABD189 /* AssetsLibrary.framework */ = {isa = PBXFileReference; lastKnownFileType = wrapper.framework; name = AssetsLibrary.framework; path = System/Library/Frameworks/AssetsLibrary.framework; sourceTree = SDKROOT; };
		0F1016D715F6064C00ABD189 /* ITAlbumPickerController.h */ = {isa = PBXFileReference; fileEncoding = 4; lastKnownFileType = sourcecode.c.h; path = ITAlbumPickerController.h; sourceTree = "<group>"; };
		0F1016D815F6064C00ABD189 /* ITAlbumPickerController.m */ = {isa = PBXFileReference; fileEncoding = 4; lastKnownFileType = sourcecode.c.objc; path = ITAlbumPickerController.m; sourceTree = "<group>"; };
		0F1016DA15F607D400ABD189 /* ITImagePickerController.h */ = {isa = PBXFileReference; fileEncoding = 4; lastKnownFileType = sourcecode.c.h; path = ITImagePickerController.h; sourceTree = "<group>"; };
		0F1016DB15F607D400ABD189 /* ITImagePickerController.m */ = {isa = PBXFileReference; fileEncoding = 4; lastKnownFileType = sourcecode.c.objc; path = ITImagePickerController.m; sourceTree = "<group>"; };
		0F10173715F6186F00ABD189 /* ITAssetView.h */ = {isa = PBXFileReference; fileEncoding = 4; lastKnownFileType = sourcecode.c.h; path = ITAssetView.h; sourceTree = "<group>"; };
		0F10173815F6186F00ABD189 /* ITAssetView.m */ = {isa = PBXFileReference; fileEncoding = 4; lastKnownFileType = sourcecode.c.objc; path = ITAssetView.m; sourceTree = "<group>"; };
		0F10173915F6186F00ABD189 /* ITAssetCell.h */ = {isa = PBXFileReference; fileEncoding = 4; lastKnownFileType = sourcecode.c.h; path = ITAssetCell.h; sourceTree = "<group>"; };
		0F10173A15F6187000ABD189 /* ITAssetCell.m */ = {isa = PBXFileReference; fileEncoding = 4; lastKnownFileType = sourcecode.c.objc; path = ITAssetCell.m; sourceTree = "<group>"; };
		0F10174415F756E500ABD189 /* ImageTools.h */ = {isa = PBXFileReference; fileEncoding = 4; lastKnownFileType = sourcecode.c.h; path = ImageTools.h; sourceTree = "<group>"; };
		0FB4972615F88645009FBB28 /* ITools.framework */ = {isa = PBXFileReference; explicitFileType = wrapper.cfbundle; includeInIndex = 0; path = ITools.framework; sourceTree = BUILT_PRODUCTS_DIR; };
		0FB4972715F88645009FBB28 /* CoreFoundation.framework */ = {isa = PBXFileReference; lastKnownFileType = wrapper.framework; name = CoreFoundation.framework; path = System/Library/Frameworks/CoreFoundation.framework; sourceTree = SDKROOT; };
		0FB4972B15F88645009FBB28 /* ITools-Info.plist */ = {isa = PBXFileReference; lastKnownFileType = text.plist.xml; path = "ITools-Info.plist"; sourceTree = "<group>"; };
		0FB4972D15F88645009FBB28 /* en */ = {isa = PBXFileReference; lastKnownFileType = text.plist.strings; name = en; path = en.lproj/InfoPlist.strings; sourceTree = "<group>"; };
		0FB4972F15F88645009FBB28 /* ITools-Prefix.pch */ = {isa = PBXFileReference; lastKnownFileType = sourcecode.c.h; path = "ITools-Prefix.pch"; sourceTree = "<group>"; };
/* End PBXFileReference section */

/* Begin PBXFrameworksBuildPhase section */
		0F10158515F4721C00ABD189 /* Frameworks */ = {
			isa = PBXFrameworksBuildPhase;
			buildActionMask = 2147483647;
			files = (
				0F1016D215F6010B00ABD189 /* AssetsLibrary.framework in Frameworks */,
				0F1015DF15F4847800ABD189 /* UIKit.framework in Frameworks */,
				0F1015BE15F480EC00ABD189 /* CoreGraphics.framework in Frameworks */,
				0F1015BC15F480B700ABD189 /* QuartzCore.framework in Frameworks */,
				0F1015BA15F480B000ABD189 /* CoreImage.framework in Frameworks */,
				0F10158C15F4721C00ABD189 /* Foundation.framework in Frameworks */,
			);
			runOnlyForDeploymentPostprocessing = 0;
		};
		0FB4972315F88645009FBB28 /* Frameworks */ = {
			isa = PBXFrameworksBuildPhase;
			buildActionMask = 2147483647;
			files = (
				0FB4972815F88645009FBB28 /* CoreFoundation.framework in Frameworks */,
			);
			runOnlyForDeploymentPostprocessing = 0;
		};
/* End PBXFrameworksBuildPhase section */

/* Begin PBXGroup section */
		0F10157D15F4721C00ABD189 = {
			isa = PBXGroup;
			children = (
				0F10158D15F4721C00ABD189 /* ImageTools */,
				0FB4972915F88645009FBB28 /* ITools */,
				0F10158A15F4721C00ABD189 /* Frameworks */,
				0F10158915F4721C00ABD189 /* Products */,
			);
			sourceTree = "<group>";
		};
		0F10158915F4721C00ABD189 /* Products */ = {
			isa = PBXGroup;
			children = (
				0F10158815F4721C00ABD189 /* libImageTools.a */,
				0FB4972615F88645009FBB28 /* ITools.framework */,
			);
			name = Products;
			sourceTree = "<group>";
		};
		0F10158A15F4721C00ABD189 /* Frameworks */ = {
			isa = PBXGroup;
			children = (
				0F1016D115F6010B00ABD189 /* AssetsLibrary.framework */,
				0F1015DE15F4847800ABD189 /* UIKit.framework */,
				0F1015BD15F480EC00ABD189 /* CoreGraphics.framework */,
				0F1015BB15F480B700ABD189 /* QuartzCore.framework */,
				0F1015B915F480B000ABD189 /* CoreImage.framework */,
				0F10158B15F4721C00ABD189 /* Foundation.framework */,
				0FB4972715F88645009FBB28 /* CoreFoundation.framework */,
			);
			name = Frameworks;
			sourceTree = "<group>";
		};
		0F10158D15F4721C00ABD189 /* ImageTools */ = {
			isa = PBXGroup;
			children = (
				0F1015ED15F488B000ABD189 /* InfoColorPicker */,
				0F1015A515F47CCB00ABD189 /* CoreFilters */,
				0F1016CC15F5FF1500ABD189 /* Views */,
				0F10158E15F4721C00ABD189 /* Supporting Files */,
				0F10174415F756E500ABD189 /* ImageTools.h */,
			);
			path = ImageTools;
			sourceTree = "<group>";
		};
		0F10158E15F4721C00ABD189 /* Supporting Files */ = {
			isa = PBXGroup;
			children = (
				0F10158F15F4721C00ABD189 /* ImageTools-Prefix.pch */,
			);
			name = "Supporting Files";
			sourceTree = "<group>";
		};
		0F1015A515F47CCB00ABD189 /* CoreFilters */ = {
			isa = PBXGroup;
			children = (
				0F10160215F4891600ABD189 /* ITFilterSlider.h */,
				0F10160315F4891600ABD189 /* ITFilterSlider.m */,
				0F10160415F4891600ABD189 /* ITImageFilterUtils.h */,
				0F10160515F4891600ABD189 /* ITImageFilterUtils.m */,
				0F1015A615F47E1200ABD189 /* ITFilter.h */,
				0F1015A715F47E1200ABD189 /* ITFilter.m */,
				0F1015A815F47E1200ABD189 /* ITFilterEditorController.h */,
				0F1015A915F47E1200ABD189 /* ITFilterEditorController.m */,
				0F1015AA15F47E1200ABD189 /* ITFilterInputAttribute.h */,
				0F1015AB15F47E1200ABD189 /* ITFilterInputAttribute.m */,
				0F1015AC15F47E1200ABD189 /* ITFilterListController.h */,
				0F1015AD15F47E1200ABD189 /* ITFilterListController.m */,
			);
			name = CoreFilters;
			sourceTree = "<group>";
		};
		0F1015ED15F488B000ABD189 /* InfoColorPicker */ = {
			isa = PBXGroup;
			children = (
				0F1015EE15F488B000ABD189 /* InfColorBarPicker.h */,
				0F1015EF15F488B000ABD189 /* InfColorBarPicker.m */,
				0F1015F015F488B000ABD189 /* InfColorIndicatorView.h */,
				0F1015F115F488B000ABD189 /* InfColorIndicatorView.m */,
				0F1015F215F488B000ABD189 /* InfColorPicker.h */,
				0F1015F315F488B000ABD189 /* InfColorPickerController.h */,
				0F1015F415F488B000ABD189 /* InfColorPickerController.m */,
				0F1015F515F488B000ABD189 /* InfColorPickerView.xib */,
				0F1015F615F488B000ABD189 /* InfColorSquarePicker.h */,
				0F1015F715F488B000ABD189 /* InfColorSquarePicker.m */,
				0F1015F815F488B000ABD189 /* InfHSBSupport.h */,
				0F1015F915F488B000ABD189 /* InfHSBSupport.m */,
				0F1015FA15F488B000ABD189 /* InfSourceColorView.h */,
				0F1015FB15F488B000ABD189 /* InfSourceColorView.m */,
			);
			path = InfoColorPicker;
			sourceTree = "<group>";
		};
		0F1016CC15F5FF1500ABD189 /* Views */ = {
			isa = PBXGroup;
			children = (
				0F10173715F6186F00ABD189 /* ITAssetView.h */,
				0F10173815F6186F00ABD189 /* ITAssetView.m */,
				0F10173915F6186F00ABD189 /* ITAssetCell.h */,
				0F10173A15F6187000ABD189 /* ITAssetCell.m */,
				0F1016D715F6064C00ABD189 /* ITAlbumPickerController.h */,
				0F1016D815F6064C00ABD189 /* ITAlbumPickerController.m */,
				0F1016DA15F607D400ABD189 /* ITImagePickerController.h */,
				0F1016DB15F607D400ABD189 /* ITImagePickerController.m */,
			);
			name = Views;
			sourceTree = "<group>";
		};
		0FB4972915F88645009FBB28 /* ITools */ = {
			isa = PBXGroup;
			children = (
				0FB4972A15F88645009FBB28 /* Supporting Files */,
			);
			path = ITools;
			sourceTree = "<group>";
		};
		0FB4972A15F88645009FBB28 /* Supporting Files */ = {
			isa = PBXGroup;
			children = (
				0FB4972B15F88645009FBB28 /* ITools-Info.plist */,
				0FB4972C15F88645009FBB28 /* InfoPlist.strings */,
				0FB4972F15F88645009FBB28 /* ITools-Prefix.pch */,
			);
			name = "Supporting Files";
			sourceTree = "<group>";
		};
/* End PBXGroup section */

/* Begin PBXHeadersBuildPhase section */
		0FB4974715F89B56009FBB28 /* Headers */ = {
			isa = PBXHeadersBuildPhase;
			buildActionMask = 2147483647;
			files = (
				0FB4974915F89B85009FBB28 /* InfColorPickerController.h in Headers */,
				0FB4974A15F89BAB009FBB28 /* ITImageFilterUtils.h in Headers */,
				0FB4974B15F89BAB009FBB28 /* ITFilter.h in Headers */,
				0FB4974C15F89BAB009FBB28 /* ITFilterEditorController.h in Headers */,
				0FB4974D15F89BAB009FBB28 /* ITFilterInputAttribute.h in Headers */,
				0FB4974E15F89BAB009FBB28 /* ITFilterListController.h in Headers */,
				0FB4974F15F89BAB009FBB28 /* ITAssetView.h in Headers */,
				0FB4975015F89BAB009FBB28 /* ITAssetCell.h in Headers */,
				0FB4975115F89BAB009FBB28 /* ITAlbumPickerController.h in Headers */,
				0FB4975215F89BAB009FBB28 /* ITImagePickerController.h in Headers */,
				0FB4975315F89BAB009FBB28 /* ImageTools.h in Headers */,
			);
			runOnlyForDeploymentPostprocessing = 0;
		};
/* End PBXHeadersBuildPhase section */

/* Begin PBXNativeTarget section */
		0F10158715F4721C00ABD189 /* ImageTools */ = {
			isa = PBXNativeTarget;
			buildConfigurationList = 0F10159615F4721C00ABD189 /* Build configuration list for PBXNativeTarget "ImageTools" */;
			buildPhases = (
				0F10158415F4721C00ABD189 /* Sources */,
				0F10158515F4721C00ABD189 /* Frameworks */,
				0F10158615F4721C00ABD189 /* CopyFiles */,
			);
			buildRules = (
			);
			dependencies = (
			);
			name = ImageTools;
			productName = ImageTools;
			productReference = 0F10158815F4721C00ABD189 /* libImageTools.a */;
			productType = "com.apple.product-type.library.static";
		};
		0FB4972515F88645009FBB28 /* ITools */ = {
			isa = PBXNativeTarget;
			buildConfigurationList = 0FB4973215F88645009FBB28 /* Build configuration list for PBXNativeTarget "ITools" */;
			buildPhases = (
				0FB4972215F88645009FBB28 /* Sources */,
				0FB4972315F88645009FBB28 /* Frameworks */,
				0FB4972415F88645009FBB28 /* Resources */,
				0FB4974715F89B56009FBB28 /* Headers */,
			);
			buildRules = (
			);
			dependencies = (
			);
			name = ITools;
			productName = ITools;
			productReference = 0FB4972615F88645009FBB28 /* ITools.framework */;
			productType = "com.apple.product-type.bundle";
		};
/* End PBXNativeTarget section */

/* Begin PBXProject section */
		0F10157F15F4721C00ABD189 /* Project object */ = {
			isa = PBXProject;
			attributes = {
				LastUpgradeCheck = 0450;
			};
			buildConfigurationList = 0F10158215F4721C00ABD189 /* Build configuration list for PBXProject "ImageTools" */;
			compatibilityVersion = "Xcode 3.2";
			developmentRegion = English;
			hasScannedForEncodings = 0;
			knownRegions = (
				en,
			);
			mainGroup = 0F10157D15F4721C00ABD189;
			productRefGroup = 0F10158915F4721C00ABD189 /* Products */;
			projectDirPath = "";
			projectRoot = "";
			targets = (
				0F10158715F4721C00ABD189 /* ImageTools */,
				0F10159D15F4742D00ABD189 /* ImageTools-iOS */,
				0FB4972515F88645009FBB28 /* ITools */,
				0FB4976415F89C75009FBB28 /* ImageTools-Framework */,
			);
		};
/* End PBXProject section */

/* Begin PBXResourcesBuildPhase section */
		0FB4972415F88645009FBB28 /* Resources */ = {
			isa = PBXResourcesBuildPhase;
			buildActionMask = 2147483647;
			files = (
				0FB4972E15F88645009FBB28 /* InfoPlist.strings in Resources */,
			);
			runOnlyForDeploymentPostprocessing = 0;
		};
/* End PBXResourcesBuildPhase section */

/* Begin PBXShellScriptBuildPhase section */
		0F1015A115F4744D00ABD189 /* Build Static Libs */ = {
			isa = PBXShellScriptBuildPhase;
			buildActionMask = 2147483647;
			files = (
			);
			inputPaths = (
			);
			name = "Build Static Libs";
			outputPaths = (
			);
			runOnlyForDeploymentPostprocessing = 0;
			shellPath = /bin/sh;
			shellScript = "xcodebuild -project ${PROJECT_NAME}.xcodeproj -sdk iphonesimulator -target ${PROJECT_NAME} -configuration ${CONFIGURATION} clean build CONFIGURATION_BUILD_DIR=${BUILD_DIR}/${CONFIGURATION}-iphonesimulator\n\nxcodebuild -project ${PROJECT_NAME}.xcodeproj -sdk iphoneos -target ${PROJECT_NAME} -configuration ${CONFIGURATION} clean build CONFIGURATION_BUILD_DIR=${BUILD_DIR}/${CONFIGURATION}-iphoneos";
		};
		0F1015A215F475AA00ABD189 /* Build Universal Framework */ = {
			isa = PBXShellScriptBuildPhase;
			buildActionMask = 2147483647;
			files = (
			);
			inputPaths = (
			);
			name = "Build Universal Framework";
			outputPaths = (
			);
			runOnlyForDeploymentPostprocessing = 0;
			shellPath = /bin/sh;
			shellScript = "SIMULATOR_LIBRARY_PATH=\"${BUILD_DIR}/${CONFIGURATION}-iphonesimulator/lib${PROJECT_NAME}.a\" &&\nDEVICE_LIBRARY_PATH=\"${BUILD_DIR}/${CONFIGURATION}-iphoneos/lib${PROJECT_NAME}.a\" &&\nUNIVERSAL_LIBRARY_DIR=\"${BUILD_DIR}/${CONFIGURATION}-iphoneuniversal\" &&\nUNIVERSAL_LIBRARY_PATH=\"${UNIVERSAL_LIBRARY_DIR}/${PRODUCT_NAME}\" &&\nFRAMEWORK=\"${UNIVERSAL_LIBRARY_DIR}/${PRODUCT_NAME}.framework\" &&\n\n# Create framework directory structure.\nrm -rf \"${FRAMEWORK}\" &&\nmkdir -p \"${UNIVERSAL_LIBRARY_DIR}\" &&\nmkdir -p \"${FRAMEWORK}/Versions/A/Headers\" &&\nmkdir -p \"${FRAMEWORK}/Versions/A/Resources\" &&\n\n# Generate universal binary for the device and simulator.\nlipo \"${SIMULATOR_LIBRARY_PATH}\" \"${DEVICE_LIBRARY_PATH}\" -create -output \"${UNIVERSAL_LIBRARY_PATH}\" &&\n\n# Move files to appropriate locations in framework paths.\ncp \"${UNIVERSAL_LIBRARY_PATH}\" \"${FRAMEWORK}/Versions/A\" &&\nln -s \"A\" \"${FRAMEWORK}/Versions/Current\" &&\nln -s \"Versions/Current/Headers\" \"${FRAMEWORK}/Headers\" &&\nln -s \"Versions/Current/Resources\" \"${FRAMEWORK}/Resources\" &&\nln -s \"Versions/Current/${PRODUCT_NAME}\" \"${FRAMEWORK}/${PRODUCT_NAME}\"";
		};
		0FB4976815F89C94009FBB28 /* ShellScript */ = {
			isa = PBXShellScriptBuildPhase;
			buildActionMask = 2147483647;
			files = (
			);
			inputPaths = (
			);
			outputPaths = (
			);
			runOnlyForDeploymentPostprocessing = 0;
			shellPath = /bin/sh;
			shellScript = "# Sets the target folders and the final framework product.\nFMK_NAME=ITools\nFMK_VERSION=A\n \n# Install dir will be the final output to the framework.\n# The following line create it in the root folder of the current project.\nINSTALL_DIR=${SRCROOT}/Products/${FMK_NAME}.framework\n \n# Working dir will be deleted after the framework creation.\nWRK_DIR=build\nDEVICE_DIR=${WRK_DIR}/Release-iphoneos/${FMK_NAME}.framework\nSIMULATOR_DIR=${WRK_DIR}/Release-iphonesimulator/${FMK_NAME}.framework\n \n# Building both architectures.\nxcodebuild -configuration \"Release\" -target \"${FMK_NAME}\" -sdk iphoneos\nxcodebuild -configuration \"Release\" -target \"${FMK_NAME}\" -sdk iphonesimulator\n \n# Cleaning the oldest.\nif [ -d \"${INSTALL_DIR}\" ]\nthen\nrm -rf \"${INSTALL_DIR}\"\nfi\n \n# Creates and renews the final product folder.\nmkdir -p \"${INSTALL_DIR}\"\nmkdir -p \"${INSTALL_DIR}/Versions\"\nmkdir -p \"${INSTALL_DIR}/Versions/${FMK_VERSION}\"\nmkdir -p \"${INSTALL_DIR}/Versions/${FMK_VERSION}/Resources\"\nmkdir -p \"${INSTALL_DIR}/Versions/${FMK_VERSION}/Headers\"\n \n# Creates the internal links.\n# It MUST uses relative path, otherwise will not work when the folder is copied/moved.\nln -s \"${FMK_VERSION}\" \"${INSTALL_DIR}/Versions/Current\"\nln -s \"Versions/Current/Headers\" \"${INSTALL_DIR}/Headers\"\nln -s \"Versions/Current/Resources\" \"${INSTALL_DIR}/Resources\"\nln -s \"Versions/Current/${FMK_NAME}\" \"${INSTALL_DIR}/${FMK_NAME}\"\n \n# Copies the headers and resources files to the final product folder.\ncp -R \"${DEVICE_DIR}/Headers/\" \"${INSTALL_DIR}/Versions/${FMK_VERSION}/Headers/\"\ncp -R \"${DEVICE_DIR}/\" \"${INSTALL_DIR}/Versions/${FMK_VERSION}/Resources/\"\n \n# Removes the binary and header from the resources folder.\nrm -r \"${INSTALL_DIR}/Versions/${FMK_VERSION}/Resources/Headers\" \"${INSTALL_DIR}/Versions/${FMK_VERSION}/Resources/${FMK_NAME}\"\n \n# Uses the Lipo Tool to merge both binary files (i386 + armv6/armv7) into one Universal final product.\nlipo -create \"${DEVICE_DIR}/${FMK_NAME}\" \"${SIMULATOR_DIR}/${FMK_NAME}\" -output \"${INSTALL_DIR}/Versions/${FMK_VERSION}/${FMK_NAME}\"\n \nrm -r \"${WRK_DIR}\"";
		};
/* End PBXShellScriptBuildPhase section */

/* Begin PBXSourcesBuildPhase section */
		0F10158415F4721C00ABD189 /* Sources */ = {
			isa = PBXSourcesBuildPhase;
			buildActionMask = 2147483647;
			files = (
				0F1015B015F47E1200ABD189 /* ITFilter.m in Sources */,
				0F1015B115F47E1200ABD189 /* ITFilterEditorController.m in Sources */,
				0F1015B215F47E1200ABD189 /* ITFilterInputAttribute.m in Sources */,
				0F1015B315F47E1200ABD189 /* ITFilterListController.m in Sources */,
				0F1015FC15F488B000ABD189 /* InfColorBarPicker.m in Sources */,
				0F1015FD15F488B000ABD189 /* InfColorIndicatorView.m in Sources */,
				0F1015FE15F488B000ABD189 /* InfColorPickerController.m in Sources */,
				0F1015FF15F488B000ABD189 /* InfColorSquarePicker.m in Sources */,
				0F10160015F488B000ABD189 /* InfHSBSupport.m in Sources */,
				0F10160115F488B000ABD189 /* InfSourceColorView.m in Sources */,
				0F10160715F4891600ABD189 /* ITFilterSlider.m in Sources */,
				0F10160A15F4891600ABD189 /* ITImageFilterUtils.m in Sources */,
				0F1016D915F6064C00ABD189 /* ITAlbumPickerController.m in Sources */,
				0F1016DC15F607D400ABD189 /* ITImagePickerController.m in Sources */,
				0F10173B15F6187000ABD189 /* ITAssetView.m in Sources */,
				0F10173C15F6187000ABD189 /* ITAssetCell.m in Sources */,
			);
			runOnlyForDeploymentPostprocessing = 0;
		};
		0FB4972215F88645009FBB28 /* Sources */ = {
			isa = PBXSourcesBuildPhase;
			buildActionMask = 2147483647;
			files = (
				0FB4975415F89BFB009FBB28 /* InfColorBarPicker.m in Sources */,
				0FB4975515F89BFB009FBB28 /* InfColorIndicatorView.m in Sources */,
				0FB4975615F89BFB009FBB28 /* InfColorPickerController.m in Sources */,
				0FB4975715F89BFB009FBB28 /* InfColorSquarePicker.m in Sources */,
				0FB4975815F89BFB009FBB28 /* InfHSBSupport.m in Sources */,
				0FB4975915F89BFB009FBB28 /* InfSourceColorView.m in Sources */,
				0FB4975A15F89BFB009FBB28 /* ITFilterSlider.m in Sources */,
				0FB4975B15F89BFB009FBB28 /* ITImageFilterUtils.m in Sources */,
				0FB4975C15F89BFB009FBB28 /* ITFilter.m in Sources */,
				0FB4975D15F89BFB009FBB28 /* ITFilterEditorController.m in Sources */,
				0FB4975E15F89BFB009FBB28 /* ITFilterInputAttribute.m in Sources */,
				0FB4975F15F89BFB009FBB28 /* ITFilterListController.m in Sources */,
				0FB4976015F89BFB009FBB28 /* ITAssetView.m in Sources */,
				0FB4976115F89BFB009FBB28 /* ITAssetCell.m in Sources */,
				0FB4976215F89BFB009FBB28 /* ITAlbumPickerController.m in Sources */,
				0FB4976315F89BFB009FBB28 /* ITImagePickerController.m in Sources */,
			);
			runOnlyForDeploymentPostprocessing = 0;
		};
/* End PBXSourcesBuildPhase section */

/* Begin PBXVariantGroup section */
		0FB4972C15F88645009FBB28 /* InfoPlist.strings */ = {
			isa = PBXVariantGroup;
			children = (
				0FB4972D15F88645009FBB28 /* en */,
			);
			name = InfoPlist.strings;
			sourceTree = "<group>";
		};
/* End PBXVariantGroup section */

/* Begin XCBuildConfiguration section */
		0F10159415F4721C00ABD189 /* Debug */ = {
			isa = XCBuildConfiguration;
			buildSettings = {
				ALWAYS_SEARCH_USER_PATHS = NO;
				ARCHS = (
					"$(ARCHS_STANDARD_32_BIT)",
					i386,
				);
				CLANG_CXX_LANGUAGE_STANDARD = "gnu++0x";
				CLANG_ENABLE_OBJC_ARC = YES;
				CLANG_WARN__DUPLICATE_METHOD_MATCH = YES;
				COPY_PHASE_STRIP = NO;
				DEAD_CODE_STRIPPING = NO;
				GCC_C_LANGUAGE_STANDARD = gnu99;
				GCC_DYNAMIC_NO_PIC = NO;
				GCC_OPTIMIZATION_LEVEL = 0;
				GCC_PREPROCESSOR_DEFINITIONS = (
					"DEBUG=1",
					"$(inherited)",
				);
				GCC_SYMBOLS_PRIVATE_EXTERN = NO;
				GCC_VERSION = "";
				GCC_WARN_ABOUT_RETURN_TYPE = YES;
				GCC_WARN_UNINITIALIZED_AUTOS = YES;
				GCC_WARN_UNUSED_VARIABLE = YES;
				IPHONEOS_DEPLOYMENT_TARGET = 5.0;
				LINK_WITH_STANDARD_LIBRARIES = NO;
				MACH_O_TYPE = mh_object;
				SDKROOT = iphoneos;
			};
			name = Debug;
		};
		0F10159515F4721C00ABD189 /* Release */ = {
			isa = XCBuildConfiguration;
			buildSettings = {
				ALWAYS_SEARCH_USER_PATHS = NO;
				ARCHS = (
					"$(ARCHS_STANDARD_32_BIT)",
					i386,
				);
				CLANG_CXX_LANGUAGE_STANDARD = "gnu++0x";
				CLANG_ENABLE_OBJC_ARC = YES;
				CLANG_WARN__DUPLICATE_METHOD_MATCH = YES;
				COPY_PHASE_STRIP = YES;
				DEAD_CODE_STRIPPING = NO;
				GCC_C_LANGUAGE_STANDARD = gnu99;
				GCC_VERSION = "";
				GCC_WARN_ABOUT_RETURN_TYPE = YES;
				GCC_WARN_UNINITIALIZED_AUTOS = YES;
				GCC_WARN_UNUSED_VARIABLE = YES;
				IPHONEOS_DEPLOYMENT_TARGET = 5.0;
				LINK_WITH_STANDARD_LIBRARIES = NO;
				MACH_O_TYPE = mh_object;
				SDKROOT = iphoneos;
				VALIDATE_PRODUCT = YES;
			};
			name = Release;
		};
		0F10159715F4721C00ABD189 /* Debug */ = {
			isa = XCBuildConfiguration;
			buildSettings = {
				ARCHS = (
					"$(ARCHS_STANDARD_32_BIT)",
					armv6,
					i386,
				);
				DSTROOT = /tmp/ImageTools.dst;
				GCC_PRECOMPILE_PREFIX_HEADER = YES;
				GCC_PREFIX_HEADER = "ImageTools/ImageTools-Prefix.pch";
				OTHER_LDFLAGS = "-ObjC";
				PRODUCT_NAME = "$(TARGET_NAME)";
				SKIP_INSTALL = YES;
			};
			name = Debug;
		};
		0F10159815F4721C00ABD189 /* Release */ = {
			isa = XCBuildConfiguration;
			buildSettings = {
				ARCHS = (
					"$(ARCHS_STANDARD_32_BIT)",
					armv6,
					i386,
				);
				DSTROOT = /tmp/ImageTools.dst;
				GCC_PRECOMPILE_PREFIX_HEADER = YES;
				GCC_PREFIX_HEADER = "ImageTools/ImageTools-Prefix.pch";
				OTHER_LDFLAGS = "-ObjC";
				PRODUCT_NAME = "$(TARGET_NAME)";
				SKIP_INSTALL = YES;
			};
			name = Release;
		};
		0F10159F15F4742D00ABD189 /* Debug */ = {
			isa = XCBuildConfiguration;
			buildSettings = {
				PRODUCT_NAME = "$(TARGET_NAME)";
			};
			name = Debug;
		};
		0F1015A015F4742D00ABD189 /* Release */ = {
			isa = XCBuildConfiguration;
			buildSettings = {
				PRODUCT_NAME = "$(TARGET_NAME)";
			};
			name = Release;
		};
		0FB4973015F88645009FBB28 /* Debug */ = {
			isa = XCBuildConfiguration;
			buildSettings = {
				ARCHS = (
					"$(ARCHS_STANDARD_32_BIT)",
					i386,
				);
				"ARCHS[sdk=*]" = (
					"$(ARCHS_STANDARD_32_BIT)",
					i386,
				);
				COMBINE_HIDPI_IMAGES = YES;
				GCC_ENABLE_OBJC_EXCEPTIONS = YES;
				GCC_PRECOMPILE_PREFIX_HEADER = NO;
				GCC_PREFIX_HEADER = "";
				GCC_WARN_64_TO_32_BIT_CONVERSION = YES;
				INFOPLIST_FILE = "ITools/ITools-Info.plist";
				INSTALL_PATH = "$(LOCAL_LIBRARY_DIR)/Bundles";
				MACOSX_DEPLOYMENT_TARGET = "";
				ONLY_ACTIVE_ARCH = NO;
				PRODUCT_NAME = "$(TARGET_NAME)";
				SDKROOT = iphoneos6.0;
				WRAPPER_EXTENSION = framework;
			};
			name = Debug;
		};
		0FB4973115F88645009FBB28 /* Release */ = {
			isa = XCBuildConfiguration;
			buildSettings = {
				ARCHS = (
					"$(ARCHS_STANDARD_32_BIT)",
					i386,
				);
				COMBINE_HIDPI_IMAGES = YES;
				DEBUG_INFORMATION_FORMAT = "dwarf-with-dsym";
				GCC_ENABLE_OBJC_EXCEPTIONS = YES;
				GCC_PRECOMPILE_PREFIX_HEADER = NO;
				GCC_PREFIX_HEADER = "";
				GCC_WARN_64_TO_32_BIT_CONVERSION = YES;
				INFOPLIST_FILE = "ITools/ITools-Info.plist";
				INSTALL_PATH = "$(LOCAL_LIBRARY_DIR)/Bundles";
				MACOSX_DEPLOYMENT_TARGET = "";
				ONLY_ACTIVE_ARCH = NO;
				PRODUCT_NAME = "$(TARGET_NAME)";
				SDKROOT = iphoneos6.0;
				WRAPPER_EXTENSION = framework;
			};
			name = Release;
		};
		0FB4976615F89C75009FBB28 /* Debug */ = {
			isa = XCBuildConfiguration;
			buildSettings = {
				PRODUCT_NAME = "$(TARGET_NAME)";
			};
			name = Debug;
		};
		0FB4976715F89C75009FBB28 /* Release */ = {
			isa = XCBuildConfiguration;
			buildSettings = {
				PRODUCT_NAME = "$(TARGET_NAME)";
			};
			name = Release;
		};
/* End XCBuildConfiguration section */

/* Begin XCConfigurationList section */
		0F10158215F4721C00ABD189 /* Build configuration list for PBXProject "ImageTools" */ = {
			isa = XCConfigurationList;
			buildConfigurations = (
				0F10159415F4721C00ABD189 /* Debug */,
				0F10159515F4721C00ABD189 /* Release */,
			);
			defaultConfigurationIsVisible = 0;
			defaultConfigurationName = Release;
		};
		0F10159615F4721C00ABD189 /* Build configuration list for PBXNativeTarget "ImageTools" */ = {
			isa = XCConfigurationList;
			buildConfigurations = (
				0F10159715F4721C00ABD189 /* Debug */,
				0F10159815F4721C00ABD189 /* Release */,
			);
			defaultConfigurationIsVisible = 0;
			defaultConfigurationName = Release;
		};
		0F10159E15F4742D00ABD189 /* Build configuration list for PBXAggregateTarget "ImageTools-iOS" */ = {
			isa = XCConfigurationList;
			buildConfigurations = (
				0F10159F15F4742D00ABD189 /* Debug */,
				0F1015A015F4742D00ABD189 /* Release */,
			);
			defaultConfigurationIsVisible = 0;
			defaultConfigurationName = Release;
		};
		0FB4973215F88645009FBB28 /* Build configuration list for PBXNativeTarget "ITools" */ = {
			isa = XCConfigurationList;
			buildConfigurations = (
				0FB4973015F88645009FBB28 /* Debug */,
				0FB4973115F88645009FBB28 /* Release */,
			);
			defaultConfigurationIsVisible = 0;
			defaultConfigurationName = Release;
		};
		0FB4976515F89C75009FBB28 /* Build configuration list for PBXAggregateTarget "ImageTools-Framework" */ = {
			isa = XCConfigurationList;
			buildConfigurations = (
				0FB4976615F89C75009FBB28 /* Debug */,
				0FB4976715F89C75009FBB28 /* Release */,
			);
			defaultConfigurationIsVisible = 0;
		};
/* End XCConfigurationList section */
	};
	rootObject = 0F10157F15F4721C00ABD189 /* Project object */;
}
